
Microsoft Visual Studio Solution File, Format Version 12.00
# Visual Studio Version 16
VisualStudioVersion = 16.0.30204.135
MinimumVisualStudioVersion = 10.0.40219.1
Project("{FAE04EC0-301F-11D3-BF4B-00C04F79EFBC}") = "VKURS-1.001", "VKURS-1.001\VKURS-1.001.csproj", "{22FCEE47-E6BF-4F15-A4A4-80BB79DBBF05}"
EndProject
Global
	GlobalSection(SolutionConfigurationPlatforms) = preSolution
		Debug|Any CPU = Debug|Any CPU
		Release|Any CPU = Release|Any CPU
	EndGlobalSection
	GlobalSection(ProjectConfigurationPlatforms) = postSolution
		{22FCEE47-E6BF-4F15-A4A4-80BB79DBBF05}.Debug|Any CPU.ActiveCfg = Debug|Any CPU
		{22FCEE47-E6BF-4F15-A4A4-80BB79DBBF05}.Debug|Any CPU.Build.0 = Debug|Any CPU
		{22FCEE47-E6BF-4F15-A4A4-80BB79DBBF05}.Release|Any CPU.ActiveCfg = Release|Any CPU
		{22FCEE47-E6BF-4F15-A4A4-80BB79DBBF05}.Release|Any CPU.Build.0 = Release|Any CPU
	EndGlobalSection
	GlobalSection(SolutionProperties) = preSolution
		HideSolutionNode = FALSE
	EndGlobalSection
	GlobalSection(ExtensibilityGlobals) = postSolution
		SolutionGuid = {9717B914-FBA7-44E3-9898-5987AE7E601D}
	EndGlobalSection
EndGlobal
